{
  "nodes": {
    "nixpkgs": {
      "locked": {
        "lastModified": 1607280232,
        "narHash": "sha256-mAygIKqxONTjpa3ypaOq6HuFKjYeZqiUctGHJ26HSWs=",
        "owner": "loewenheim",
        "repo": "nixpkgs",
        "rev": "7e1d367b22b81f037d2d71c1411383dab4712f2e",
        "type": "github"
      },
      "original": {
        "owner": "loewenheim",
        "ref": "89816",
        "repo": "nixpkgs",
        "type": "github"
      }
    },
    "root": {
      "inputs": {
        "nixpkgs": "nixpkgs"
      }
    }
  },
  "root": "root",
  "version": 7
}
